
Microsoft Visual Studio Solution File, Format Version 12.00
# Visual Studio Version 16
VisualStudioVersion = 16.0.33130.400
MinimumVisualStudioVersion = 10.0.40219.1
Project("{9A19103F-16F7-4668-BE54-9A1E7A4F7556}") = "Employee_API", "Employee_API.csproj", "{EBC05706-D038-41B4-A332-16CAD04644C8}"
EndProject
Project("{FAE04EC0-301F-11D3-BF4B-00C04F79EFBC}") = "Employee_WebService", "..\Employee_WebService\Employee_WebService.csproj", "{F1E650CA-DD9E-4202-B0FE-A20BE248F638}"
EndProject
Global
	GlobalSection(SolutionConfigurationPlatforms) = preSolution
		Debug|Any CPU = Debug|Any CPU
		Release|Any CPU = Release|Any CPU
	EndGlobalSection
	GlobalSection(ProjectConfigurationPlatforms) = postSolution
		{EBC05706-D038-41B4-A332-16CAD04644C8}.Debug|Any CPU.ActiveCfg = Debug|Any CPU
		{EBC05706-D038-41B4-A332-16CAD04644C8}.Debug|Any CPU.Build.0 = Debug|Any CPU
		{EBC05706-D038-41B4-A332-16CAD04644C8}.Release|Any CPU.ActiveCfg = Release|Any CPU
		{EBC05706-D038-41B4-A332-16CAD04644C8}.Release|Any CPU.Build.0 = Release|Any CPU
		{F1E650CA-DD9E-4202-B0FE-A20BE248F638}.Debug|Any CPU.ActiveCfg = Debug|Any CPU
		{F1E650CA-DD9E-4202-B0FE-A20BE248F638}.Debug|Any CPU.Build.0 = Debug|Any CPU
		{F1E650CA-DD9E-4202-B0FE-A20BE248F638}.Release|Any CPU.ActiveCfg = Release|Any CPU
		{F1E650CA-DD9E-4202-B0FE-A20BE248F638}.Release|Any CPU.Build.0 = Release|Any CPU
	EndGlobalSection
	GlobalSection(SolutionProperties) = preSolution
		HideSolutionNode = FALSE
	EndGlobalSection
	GlobalSection(ExtensibilityGlobals) = postSolution
		SolutionGuid = {F8CC2447-D41F-483D-9551-7E0D833AC184}
	EndGlobalSection
EndGlobal
